
Microsoft Visual Studio Solution File, Format Version 12.00
# Visual Studio Version 17
VisualStudioVersion = 17.2.32630.192
MinimumVisualStudioVersion = 10.0.40219.1
Project("{8BC9CEB8-8B4A-11D0-8D11-00A0C91BC942}") = "ceil和lower_ceil(based on upper)", "ceil和lower_ceil(based on upper)\ceil和lower_ceil(based on upper).vcxproj", "{F5964564-EA5F-48FD-8D8B-B4B3DEBAB40F}"
EndProject
Global
	GlobalSection(SolutionConfigurationPlatforms) = preSolution
		Debug|x64 = Debug|x64
		Debug|x86 = Debug|x86
		Release|x64 = Release|x64
		Release|x86 = Release|x86
	EndGlobalSection
	GlobalSection(ProjectConfigurationPlatforms) = postSolution
		{F5964564-EA5F-48FD-8D8B-B4B3DEBAB40F}.Debug|x64.ActiveCfg = Debug|x64
		{F5964564-EA5F-48FD-8D8B-B4B3DEBAB40F}.Debug|x64.Build.0 = Debug|x64
		{F5964564-EA5F-48FD-8D8B-B4B3DEBAB40F}.Debug|x86.ActiveCfg = Debug|Win32
		{F5964564-EA5F-48FD-8D8B-B4B3DEBAB40F}.Debug|x86.Build.0 = Debug|Win32
		{F5964564-EA5F-48FD-8D8B-B4B3DEBAB40F}.Release|x64.ActiveCfg = Release|x64
		{F5964564-EA5F-48FD-8D8B-B4B3DEBAB40F}.Release|x64.Build.0 = Release|x64
		{F5964564-EA5F-48FD-8D8B-B4B3DEBAB40F}.Release|x86.ActiveCfg = Release|Win32
		{F5964564-EA5F-48FD-8D8B-B4B3DEBAB40F}.Release|x86.Build.0 = Release|Win32
	EndGlobalSection
	GlobalSection(SolutionProperties) = preSolution
		HideSolutionNode = FALSE
	EndGlobalSection
	GlobalSection(ExtensibilityGlobals) = postSolution
		SolutionGuid = {F276980C-B3B6-4B8C-A1E0-E54EB234D940}
	EndGlobalSection
EndGlobal
